# This file is automatically @generated by Cargo.
# It is not intended for manual editing.
version = 3

[[package]]
name = "kairo-ecs-bench"
version = "0.1.0"
dependencies = [
 "kairo-ecs-core",
 "kairo-ecs-rng",
 "kairo-ecs-state",
 "kairo-ecs-types",
]

[[package]]
name = "kairo-ecs-cli"
version = "0.1.0"

[[package]]
name = "kairo-ecs-core"
version = "0.0.0"
dependencies = [
 "kairo-ecs-types",
]

[[package]]
name = "kairo-ecs-diplomat"
version = "0.1.0"
dependencies = [
 "kairo-ecs-ffi",
]

[[package]]
name = "kairo-ecs-ffi"
version = "0.1.0"
dependencies = [
 "kairo-ecs-core",
 "kairo-ecs-rng",
 "kairo-ecs-state",
 "kairo-ecs-types",
]

[[package]]
name = "kairo-ecs-rng"
version = "0.0.0"
dependencies = [
 "kairo-ecs-types",
]

[[package]]
name = "kairo-ecs-state"
version = "0.0.0"
dependencies = [
 "kairo-ecs-types",
]

[[package]]
name = "kairo-ecs-types"
version = "0.0.0"

[[package]]
name = "kairo-ecs-uniffi"
version = "0.1.0"
dependencies = [
 "kairo-ecs-ffi",
]
