# This file is automatically @generated by Cargo.
# It is not intended for manual editing.
version = 3

[[package]]
name = "kairo-ecs-state"
version = "0.0.0"
dependencies = [
 "kairo-ecs-types",
]

[[package]]
name = "kairo-ecs-types"
version = "0.0.0"

[[package]]
name = "kairo-ecs-viz"
version = "0.1.0"
dependencies = [
 "kairo-ecs-state",
 "kairo-ecs-types",
]

[[package]]
name = "kairo-viz-headless-snapshot"
version = "0.1.0"
dependencies = [
 "kairo-ecs-state",
 "kairo-ecs-types",
 "kairo-ecs-viz",
]
